<?xml version="1.0" encoding="utf-8"?>
<Project ToolsVersion="4.0" xmlns="http://schemas.microsoft.com/developer/msbuild/2003">
  <ItemGroup>
    <Filter Include="source">
      <UniqueIdentifier>{b3895ccc-8b98-40be-86c5-6d85c68e3ed2}</UniqueIdentifier>
      <Extensions>cpp;c;cxx;def;odl;idl;hpj;bat;asm</Extensions>
    </Filter>
    <Filter Include="include">
      <UniqueIdentifier>{befda4b3-777e-4aa9-98f0-df09d459d076}</UniqueIdentifier>
      <Extensions>h;hpp;hxx;hm;inl;inc</Extensions>
    </Filter>
    <Filter Include="resource">
      <UniqueIdentifier>{05c5f301-6019-4537-b29f-21aa252ad242}</UniqueIdentifier>
      <Extensions>rc;ico;cur;bmp;dlg;rc2;rct;bin;rgs;jpg;jpeg;jpe;png;manifest</Extensions>
    </Filter>
  </ItemGroup>
  <ItemGroup>
    <ClInclude Include="Classes\AppDelegate.h">
      <Filter>include</Filter>
    </ClInclude>
    <ClInclude Include="Classes\AppMacros.h">
      <Filter>include</Filter>
    </ClInclude>
    <ClInclude Include="Classes\GameScene.h">
      <Filter>include</Filter>
    </ClInclude>
    <ClInclude Include="win32\main.h">
      <Filter>include</Filter>
    </ClInclude>
    <ClInclude Include="Classes\MainScene.h">
      <Filter>include</Filter>
    </ClInclude>
    <ClInclude Include="win32\resource.h">
      <Filter>include</Filter>
    </ClInclude>
    <ClInclude Include="..\Classes\AppDelegate.h">
      <Filter>source</Filter>
    </ClInclude>
    <ClInclude Include="..\Classes\AppMacros.h">
      <Filter>source</Filter>
    </ClInclude>
    <ClInclude Include="..\Classes\GameScene.h">
      <Filter>source</Filter>
    </ClInclude>
    <ClInclude Include="..\Classes\MainScene.h">
      <Filter>source</Filter>
    </ClInclude>
    <ClInclude Include="main.h">
      <Filter>source</Filter>
    </ClInclude>
  </ItemGroup>
  <ItemGroup>
    <Image Include="Resource\CloseNormal.png">
      <Filter>resource</Filter>
    </Image>
    <Image Include="Resource\CloseSelected.png">
      <Filter>resource</Filter>
    </Image>
    <Image Include="Resource\HelloWorld.png">
      <Filter>resource</Filter>
    </Image>
    <Image Include="res\tweejump.ico">
      <Filter>resource</Filter>
    </Image>
  </ItemGroup>
  <ItemGroup>
    <ClCompile Include="..\Classes\AppDelegate.cpp">
      <Filter>source</Filter>
    </ClCompile>
    <ClCompile Include="..\Classes\GameScene.cpp">
      <Filter>source</Filter>
    </ClCompile>
    <ClCompile Include="..\Classes\MainScene.cpp">
      <Filter>source</Filter>
    </ClCompile>
    <ClCompile Include="main.cpp">
      <Filter>source</Filter>
    </ClCompile>
  </ItemGroup>
  <ItemGroup>
    <ResourceCompile Include="tweejump.rc">
      <Filter>resource</Filter>
    </ResourceCompile>
  </ItemGroup>
</Project>